
Microsoft Visual Studio Solution File, Format Version 12.00
# Visual Studio Version 16
VisualStudioVersion = 16.0.29025.244
MinimumVisualStudioVersion = 10.0.40219.1
Project("{9A19103F-16F7-4668-BE54-9A1E7A4F7556}") = "LinearSearch", "Searching\LinearSearch\LinearSearch.csproj", "{81E251D7-AB78-4552-B5B7-A98EDD4913A6}"
EndProject
Project("{2150E333-8FDC-42A3-9474-1A3956D46DE8}") = "Searching", "Searching", "{EFDF70DF-0FC3-424F-9A72-459C538F2D14}"
EndProject
Project("{2150E333-8FDC-42A3-9474-1A3956D46DE8}") = "LinearSearchAlgorithm", "LinearSearchAlgorithm", "{1F90AE44-3B69-40ED-8FE8-0447E09665AE}"
EndProject
Project("{9A19103F-16F7-4668-BE54-9A1E7A4F7556}") = "LinearSearchTest", "Searching\LinearSearchAlgorithmUnitTest\LinearSearchTest.csproj", "{043205EA-8068-454D-A8A5-8A31D31D5BF2}"
EndProject
Project("{2150E333-8FDC-42A3-9474-1A3956D46DE8}") = "BinarySearchAlgorithm", "BinarySearchAlgorithm", "{5FD82C5A-BAA7-4A63-B15C-338B9F8F6BBA}"
EndProject
Project("{9A19103F-16F7-4668-BE54-9A1E7A4F7556}") = "BinarySearch", "Searching\BinarySearch\BinarySearch.csproj", "{019E1BEB-6DFA-4CA5-9E05-53338AC89D74}"
EndProject
Project("{9A19103F-16F7-4668-BE54-9A1E7A4F7556}") = "BinarySearchTest", "Searching\BinarySearchTest\BinarySearchTest.csproj", "{8EE8CD07-E58E-4B50-9256-56998C4500E1}"
EndProject
Project("{2150E333-8FDC-42A3-9474-1A3956D46DE8}") = "JumpSearchAlgorithm", "JumpSearchAlgorithm", "{E3D61079-8D2E-4B02-AD0D-0719836447A2}"
EndProject
Project("{9A19103F-16F7-4668-BE54-9A1E7A4F7556}") = "JumpSearch", "Searching\JumpSearch\JumpSearch.csproj", "{F71BCB42-7302-4825-A1BA-5F706102B6C7}"
EndProject
Project("{9A19103F-16F7-4668-BE54-9A1E7A4F7556}") = "JumpSearchTest", "Searching\JumpSearchTest\JumpSearchTest.csproj", "{E8FE805B-CC15-4523-A048-3E6700152C23}"
EndProject
Project("{2150E333-8FDC-42A3-9474-1A3956D46DE8}") = "InterpolationSearchAlgorithm", "InterpolationSearchAlgorithm", "{2655390F-47EF-4F1E-9509-28F928545BF7}"
EndProject
Project("{9A19103F-16F7-4668-BE54-9A1E7A4F7556}") = "InterpolationSearch", "Searching\InterpolationSearch\InterpolationSearch.csproj", "{3A99595D-C41B-4F27-97CC-D3CF579F0351}"
EndProject
Project("{9A19103F-16F7-4668-BE54-9A1E7A4F7556}") = "InterpolationSearchTest", "Searching\InterpolationSearchTest\InterpolationSearchTest.csproj", "{DDC4884F-F20E-451D-B8DC-365BE2C198E1}"
EndProject
Project("{2150E333-8FDC-42A3-9474-1A3956D46DE8}") = "ExponentialSearchingAlgorithm", "ExponentialSearchingAlgorithm", "{48F1D757-92CB-4E3A-87BA-E2C6E98DBEF8}"
EndProject
Project("{FAE04EC0-301F-11D3-BF4B-00C04F79EFBC}") = "ExponentialSearch", "Searching\ExponentialSearch\ExponentialSearch.csproj", "{58023C83-F3F8-41E6-94E7-A2B155325DC5}"
EndProject
Project("{FAE04EC0-301F-11D3-BF4B-00C04F79EFBC}") = "ExponentialSearchTest", "Searching\ExponentialSearchTest\ExponentialSearchTest.csproj", "{A77ED0A0-EC32-48FC-AF0C-0DAFB2A774D7}"
EndProject
Global
	GlobalSection(SolutionConfigurationPlatforms) = preSolution
		Debug|Any CPU = Debug|Any CPU
		Release|Any CPU = Release|Any CPU
	EndGlobalSection
	GlobalSection(ProjectConfigurationPlatforms) = postSolution
		{81E251D7-AB78-4552-B5B7-A98EDD4913A6}.Debug|Any CPU.ActiveCfg = Debug|Any CPU
		{81E251D7-AB78-4552-B5B7-A98EDD4913A6}.Debug|Any CPU.Build.0 = Debug|Any CPU
		{81E251D7-AB78-4552-B5B7-A98EDD4913A6}.Release|Any CPU.ActiveCfg = Release|Any CPU
		{81E251D7-AB78-4552-B5B7-A98EDD4913A6}.Release|Any CPU.Build.0 = Release|Any CPU
		{043205EA-8068-454D-A8A5-8A31D31D5BF2}.Debug|Any CPU.ActiveCfg = Debug|Any CPU
		{043205EA-8068-454D-A8A5-8A31D31D5BF2}.Debug|Any CPU.Build.0 = Debug|Any CPU
		{043205EA-8068-454D-A8A5-8A31D31D5BF2}.Release|Any CPU.ActiveCfg = Release|Any CPU
		{043205EA-8068-454D-A8A5-8A31D31D5BF2}.Release|Any CPU.Build.0 = Release|Any CPU
		{019E1BEB-6DFA-4CA5-9E05-53338AC89D74}.Debug|Any CPU.ActiveCfg = Debug|Any CPU
		{019E1BEB-6DFA-4CA5-9E05-53338AC89D74}.Debug|Any CPU.Build.0 = Debug|Any CPU
		{019E1BEB-6DFA-4CA5-9E05-53338AC89D74}.Release|Any CPU.ActiveCfg = Release|Any CPU
		{019E1BEB-6DFA-4CA5-9E05-53338AC89D74}.Release|Any CPU.Build.0 = Release|Any CPU
		{8EE8CD07-E58E-4B50-9256-56998C4500E1}.Debug|Any CPU.ActiveCfg = Debug|Any CPU
		{8EE8CD07-E58E-4B50-9256-56998C4500E1}.Debug|Any CPU.Build.0 = Debug|Any CPU
		{8EE8CD07-E58E-4B50-9256-56998C4500E1}.Release|Any CPU.ActiveCfg = Release|Any CPU
		{8EE8CD07-E58E-4B50-9256-56998C4500E1}.Release|Any CPU.Build.0 = Release|Any CPU
		{F71BCB42-7302-4825-A1BA-5F706102B6C7}.Debug|Any CPU.ActiveCfg = Debug|Any CPU
		{F71BCB42-7302-4825-A1BA-5F706102B6C7}.Debug|Any CPU.Build.0 = Debug|Any CPU
		{F71BCB42-7302-4825-A1BA-5F706102B6C7}.Release|Any CPU.ActiveCfg = Release|Any CPU
		{F71BCB42-7302-4825-A1BA-5F706102B6C7}.Release|Any CPU.Build.0 = Release|Any CPU
		{E8FE805B-CC15-4523-A048-3E6700152C23}.Debug|Any CPU.ActiveCfg = Debug|Any CPU
		{E8FE805B-CC15-4523-A048-3E6700152C23}.Debug|Any CPU.Build.0 = Debug|Any CPU
		{E8FE805B-CC15-4523-A048-3E6700152C23}.Release|Any CPU.ActiveCfg = Release|Any CPU
		{E8FE805B-CC15-4523-A048-3E6700152C23}.Release|Any CPU.Build.0 = Release|Any CPU
		{3A99595D-C41B-4F27-97CC-D3CF579F0351}.Debug|Any CPU.ActiveCfg = Debug|Any CPU
		{3A99595D-C41B-4F27-97CC-D3CF579F0351}.Debug|Any CPU.Build.0 = Debug|Any CPU
		{3A99595D-C41B-4F27-97CC-D3CF579F0351}.Release|Any CPU.ActiveCfg = Release|Any CPU
		{3A99595D-C41B-4F27-97CC-D3CF579F0351}.Release|Any CPU.Build.0 = Release|Any CPU
		{DDC4884F-F20E-451D-B8DC-365BE2C198E1}.Debug|Any CPU.ActiveCfg = Debug|Any CPU
		{DDC4884F-F20E-451D-B8DC-365BE2C198E1}.Debug|Any CPU.Build.0 = Debug|Any CPU
		{DDC4884F-F20E-451D-B8DC-365BE2C198E1}.Release|Any CPU.ActiveCfg = Release|Any CPU
		{DDC4884F-F20E-451D-B8DC-365BE2C198E1}.Release|Any CPU.Build.0 = Release|Any CPU
		{58023C83-F3F8-41E6-94E7-A2B155325DC5}.Debug|Any CPU.ActiveCfg = Debug|Any CPU
		{58023C83-F3F8-41E6-94E7-A2B155325DC5}.Debug|Any CPU.Build.0 = Debug|Any CPU
		{58023C83-F3F8-41E6-94E7-A2B155325DC5}.Release|Any CPU.ActiveCfg = Release|Any CPU
		{58023C83-F3F8-41E6-94E7-A2B155325DC5}.Release|Any CPU.Build.0 = Release|Any CPU
		{A77ED0A0-EC32-48FC-AF0C-0DAFB2A774D7}.Debug|Any CPU.ActiveCfg = Debug|Any CPU
		{A77ED0A0-EC32-48FC-AF0C-0DAFB2A774D7}.Debug|Any CPU.Build.0 = Debug|Any CPU
		{A77ED0A0-EC32-48FC-AF0C-0DAFB2A774D7}.Release|Any CPU.ActiveCfg = Release|Any CPU
		{A77ED0A0-EC32-48FC-AF0C-0DAFB2A774D7}.Release|Any CPU.Build.0 = Release|Any CPU
	EndGlobalSection
	GlobalSection(SolutionProperties) = preSolution
		HideSolutionNode = FALSE
	EndGlobalSection
	GlobalSection(NestedProjects) = preSolution
		{81E251D7-AB78-4552-B5B7-A98EDD4913A6} = {1F90AE44-3B69-40ED-8FE8-0447E09665AE}
		{1F90AE44-3B69-40ED-8FE8-0447E09665AE} = {EFDF70DF-0FC3-424F-9A72-459C538F2D14}
		{043205EA-8068-454D-A8A5-8A31D31D5BF2} = {1F90AE44-3B69-40ED-8FE8-0447E09665AE}
		{5FD82C5A-BAA7-4A63-B15C-338B9F8F6BBA} = {EFDF70DF-0FC3-424F-9A72-459C538F2D14}
		{019E1BEB-6DFA-4CA5-9E05-53338AC89D74} = {5FD82C5A-BAA7-4A63-B15C-338B9F8F6BBA}
		{8EE8CD07-E58E-4B50-9256-56998C4500E1} = {5FD82C5A-BAA7-4A63-B15C-338B9F8F6BBA}
		{E3D61079-8D2E-4B02-AD0D-0719836447A2} = {EFDF70DF-0FC3-424F-9A72-459C538F2D14}
		{F71BCB42-7302-4825-A1BA-5F706102B6C7} = {E3D61079-8D2E-4B02-AD0D-0719836447A2}
		{E8FE805B-CC15-4523-A048-3E6700152C23} = {E3D61079-8D2E-4B02-AD0D-0719836447A2}
		{2655390F-47EF-4F1E-9509-28F928545BF7} = {EFDF70DF-0FC3-424F-9A72-459C538F2D14}
		{3A99595D-C41B-4F27-97CC-D3CF579F0351} = {2655390F-47EF-4F1E-9509-28F928545BF7}
		{DDC4884F-F20E-451D-B8DC-365BE2C198E1} = {2655390F-47EF-4F1E-9509-28F928545BF7}
		{48F1D757-92CB-4E3A-87BA-E2C6E98DBEF8} = {EFDF70DF-0FC3-424F-9A72-459C538F2D14}
		{58023C83-F3F8-41E6-94E7-A2B155325DC5} = {48F1D757-92CB-4E3A-87BA-E2C6E98DBEF8}
		{A77ED0A0-EC32-48FC-AF0C-0DAFB2A774D7} = {48F1D757-92CB-4E3A-87BA-E2C6E98DBEF8}
	EndGlobalSection
	GlobalSection(ExtensibilityGlobals) = postSolution
		SolutionGuid = {3363A929-94D1-4362-955D-F6CA9FFEE0DB}
	EndGlobalSection
EndGlobal
