
Microsoft Visual Studio Solution File, Format Version 12.00
# Visual Studio Version 16
VisualStudioVersion = 16.0.29025.244
MinimumVisualStudioVersion = 10.0.40219.1
Project("{9A19103F-16F7-4668-BE54-9A1E7A4F7556}") = "LinearSearch", "Searching\LinearSearch\LinearSearch.csproj", "{81E251D7-AB78-4552-B5B7-A98EDD4913A6}"
EndProject
Project("{2150E333-8FDC-42A3-9474-1A3956D46DE8}") = "Searching", "Searching", "{EFDF70DF-0FC3-424F-9A72-459C538F2D14}"
EndProject
Project("{2150E333-8FDC-42A3-9474-1A3956D46DE8}") = "LinearSearchAlgorithm", "LinearSearchAlgorithm", "{1F90AE44-3B69-40ED-8FE8-0447E09665AE}"
EndProject
Project("{9A19103F-16F7-4668-BE54-9A1E7A4F7556}") = "LinearSearchTest", "Searching\LinearSearchAlgorithmUnitTest\LinearSearchTest.csproj", "{043205EA-8068-454D-A8A5-8A31D31D5BF2}"
EndProject
Project("{2150E333-8FDC-42A3-9474-1A3956D46DE8}") = "BinarySearchAlgorithm", "BinarySearchAlgorithm", "{5FD82C5A-BAA7-4A63-B15C-338B9F8F6BBA}"
EndProject
Project("{9A19103F-16F7-4668-BE54-9A1E7A4F7556}") = "BinarySearch", "Searching\BinarySearch\BinarySearch.csproj", "{019E1BEB-6DFA-4CA5-9E05-53338AC89D74}"
EndProject
Project("{9A19103F-16F7-4668-BE54-9A1E7A4F7556}") = "BinarySearchTest", "Searching\BinarySearchTest\BinarySearchTest.csproj", "{8EE8CD07-E58E-4B50-9256-56998C4500E1}"
EndProject
Project("{2150E333-8FDC-42A3-9474-1A3956D46DE8}") = "JumpSearchAlgorithm", "JumpSearchAlgorithm", "{E3D61079-8D2E-4B02-AD0D-0719836447A2}"
EndProject
Project("{9A19103F-16F7-4668-BE54-9A1E7A4F7556}") = "JumpSearch", "Searching\JumpSearch\JumpSearch.csproj", "{F71BCB42-7302-4825-A1BA-5F706102B6C7}"
EndProject
Project("{9A19103F-16F7-4668-BE54-9A1E7A4F7556}") = "JumpSearchTest", "Searching\JumpSearchTest\JumpSearchTest.csproj", "{E8FE805B-CC15-4523-A048-3E6700152C23}"
EndProject
Project("{2150E333-8FDC-42A3-9474-1A3956D46DE8}") = "InterpolationSearchAlgorithm", "InterpolationSearchAlgorithm", "{2655390F-47EF-4F1E-9509-28F928545BF7}"
EndProject
Project("{9A19103F-16F7-4668-BE54-9A1E7A4F7556}") = "InterpolationSearch", "Searching\InterpolationSearch\InterpolationSearch.csproj", "{3A99595D-C41B-4F27-97CC-D3CF579F0351}"
EndProject
Project("{9A19103F-16F7-4668-BE54-9A1E7A4F7556}") = "InterpolationSearchTest", "Searching\InterpolationSearchTest\InterpolationSearchTest.csproj", "{DDC4884F-F20E-451D-B8DC-365BE2C198E1}"
EndProject
Project("{2150E333-8FDC-42A3-9474-1A3956D46DE8}") = "ExponentialSearchAlgorithm", "ExponentialSearchAlgorithm", "{48F1D757-92CB-4E3A-87BA-E2C6E98DBEF8}"
EndProject
Project("{9A19103F-16F7-4668-BE54-9A1E7A4F7556}") = "ExponentialSearch", "Searching\ExponentialSearch\ExponentialSearch.csproj", "{58023C83-F3F8-41E6-94E7-A2B155325DC5}"
EndProject
Project("{9A19103F-16F7-4668-BE54-9A1E7A4F7556}") = "ExponentialSearchTest", "Searching\ExponentialSearchTest\ExponentialSearchTest.csproj", "{A77ED0A0-EC32-48FC-AF0C-0DAFB2A774D7}"
EndProject
Project("{2150E333-8FDC-42A3-9474-1A3956D46DE8}") = "Sorting", "Sorting", "{2DD19D00-44C8-4D03-A38A-2B9D3FA3AAE9}"
EndProject
Project("{2150E333-8FDC-42A3-9474-1A3956D46DE8}") = "SelectionSortAlgorithm", "SelectionSortAlgorithm", "{F43F0926-1C53-4636-9EB3-AA14CF16F3E7}"
EndProject
Project("{9A19103F-16F7-4668-BE54-9A1E7A4F7556}") = "SelectionSort", "Sorting\SelectionSort\SelectionSort.csproj", "{8F4A6BBE-99F6-48CF-9854-C97D3ABAC8FC}"
EndProject
Project("{9A19103F-16F7-4668-BE54-9A1E7A4F7556}") = "SelectionSortTest", "Sorting\SelectionSortTest\SelectionSortTest.csproj", "{ACEF0A1A-DE23-4958-8CB3-C8FFB4B128F0}"
EndProject
Project("{2150E333-8FDC-42A3-9474-1A3956D46DE8}") = "BubbleSortAlgorithm", "BubbleSortAlgorithm", "{AD85187C-5A79-484A-9AAB-39BC7E7B4C67}"
EndProject
Project("{9A19103F-16F7-4668-BE54-9A1E7A4F7556}") = "BubbleSort", "Sorting\BubbleSort\BubbleSort.csproj", "{28F2A97D-53AC-4917-A94F-72C9809333DE}"
EndProject
Project("{9A19103F-16F7-4668-BE54-9A1E7A4F7556}") = "BubbleSortTest", "Sorting\BubbleSortTest\BubbleSortTest.csproj", "{13E647D2-3E8F-4C59-B982-8A16C006DAF3}"
EndProject
Project("{2150E333-8FDC-42A3-9474-1A3956D46DE8}") = "InsertionSortAlgorithm", "InsertionSortAlgorithm", "{48AF6DBB-3C62-4942-A868-3372D6F863FE}"
EndProject
Project("{9A19103F-16F7-4668-BE54-9A1E7A4F7556}") = "InsertionSort", "Sorting\InsertionSort\InsertionSort.csproj", "{46837D77-2B7F-468B-8136-24E6FA64F4F4}"
EndProject
Project("{9A19103F-16F7-4668-BE54-9A1E7A4F7556}") = "InsertionSortTest", "Sorting\InsertionSortTest\InsertionSortTest.csproj", "{0AA51CBA-0C83-4CB2-8F92-96313206AF0F}"
EndProject
Project("{2150E333-8FDC-42A3-9474-1A3956D46DE8}") = "QuickSortAlgorithm", "QuickSortAlgorithm", "{AD3BB450-817A-47FE-A44C-4F7233BA6703}"
EndProject
Project("{FAE04EC0-301F-11D3-BF4B-00C04F79EFBC}") = "QuickSort", "Sorting\QuickSort\QuickSort.csproj", "{30F9C962-79F7-4A19-A518-1F31813DC1A2}"
EndProject
Project("{FAE04EC0-301F-11D3-BF4B-00C04F79EFBC}") = "QuickSortTest", "Sorting\QuickSortTest\QuickSortTest.csproj", "{AC6D2A17-B33E-47A7-BB4B-19A15CAD0BE3}"
EndProject
Global
	GlobalSection(SolutionConfigurationPlatforms) = preSolution
		Debug|Any CPU = Debug|Any CPU
		Release|Any CPU = Release|Any CPU
	EndGlobalSection
	GlobalSection(ProjectConfigurationPlatforms) = postSolution
		{81E251D7-AB78-4552-B5B7-A98EDD4913A6}.Debug|Any CPU.ActiveCfg = Debug|Any CPU
		{81E251D7-AB78-4552-B5B7-A98EDD4913A6}.Debug|Any CPU.Build.0 = Debug|Any CPU
		{81E251D7-AB78-4552-B5B7-A98EDD4913A6}.Release|Any CPU.ActiveCfg = Release|Any CPU
		{81E251D7-AB78-4552-B5B7-A98EDD4913A6}.Release|Any CPU.Build.0 = Release|Any CPU
		{043205EA-8068-454D-A8A5-8A31D31D5BF2}.Debug|Any CPU.ActiveCfg = Debug|Any CPU
		{043205EA-8068-454D-A8A5-8A31D31D5BF2}.Debug|Any CPU.Build.0 = Debug|Any CPU
		{043205EA-8068-454D-A8A5-8A31D31D5BF2}.Release|Any CPU.ActiveCfg = Release|Any CPU
		{043205EA-8068-454D-A8A5-8A31D31D5BF2}.Release|Any CPU.Build.0 = Release|Any CPU
		{019E1BEB-6DFA-4CA5-9E05-53338AC89D74}.Debug|Any CPU.ActiveCfg = Debug|Any CPU
		{019E1BEB-6DFA-4CA5-9E05-53338AC89D74}.Debug|Any CPU.Build.0 = Debug|Any CPU
		{019E1BEB-6DFA-4CA5-9E05-53338AC89D74}.Release|Any CPU.ActiveCfg = Release|Any CPU
		{019E1BEB-6DFA-4CA5-9E05-53338AC89D74}.Release|Any CPU.Build.0 = Release|Any CPU
		{8EE8CD07-E58E-4B50-9256-56998C4500E1}.Debug|Any CPU.ActiveCfg = Debug|Any CPU
		{8EE8CD07-E58E-4B50-9256-56998C4500E1}.Debug|Any CPU.Build.0 = Debug|Any CPU
		{8EE8CD07-E58E-4B50-9256-56998C4500E1}.Release|Any CPU.ActiveCfg = Release|Any CPU
		{8EE8CD07-E58E-4B50-9256-56998C4500E1}.Release|Any CPU.Build.0 = Release|Any CPU
		{F71BCB42-7302-4825-A1BA-5F706102B6C7}.Debug|Any CPU.ActiveCfg = Debug|Any CPU
		{F71BCB42-7302-4825-A1BA-5F706102B6C7}.Debug|Any CPU.Build.0 = Debug|Any CPU
		{F71BCB42-7302-4825-A1BA-5F706102B6C7}.Release|Any CPU.ActiveCfg = Release|Any CPU
		{F71BCB42-7302-4825-A1BA-5F706102B6C7}.Release|Any CPU.Build.0 = Release|Any CPU
		{E8FE805B-CC15-4523-A048-3E6700152C23}.Debug|Any CPU.ActiveCfg = Debug|Any CPU
		{E8FE805B-CC15-4523-A048-3E6700152C23}.Debug|Any CPU.Build.0 = Debug|Any CPU
		{E8FE805B-CC15-4523-A048-3E6700152C23}.Release|Any CPU.ActiveCfg = Release|Any CPU
		{E8FE805B-CC15-4523-A048-3E6700152C23}.Release|Any CPU.Build.0 = Release|Any CPU
		{3A99595D-C41B-4F27-97CC-D3CF579F0351}.Debug|Any CPU.ActiveCfg = Debug|Any CPU
		{3A99595D-C41B-4F27-97CC-D3CF579F0351}.Debug|Any CPU.Build.0 = Debug|Any CPU
		{3A99595D-C41B-4F27-97CC-D3CF579F0351}.Release|Any CPU.ActiveCfg = Release|Any CPU
		{3A99595D-C41B-4F27-97CC-D3CF579F0351}.Release|Any CPU.Build.0 = Release|Any CPU
		{DDC4884F-F20E-451D-B8DC-365BE2C198E1}.Debug|Any CPU.ActiveCfg = Debug|Any CPU
		{DDC4884F-F20E-451D-B8DC-365BE2C198E1}.Debug|Any CPU.Build.0 = Debug|Any CPU
		{DDC4884F-F20E-451D-B8DC-365BE2C198E1}.Release|Any CPU.ActiveCfg = Release|Any CPU
		{DDC4884F-F20E-451D-B8DC-365BE2C198E1}.Release|Any CPU.Build.0 = Release|Any CPU
		{58023C83-F3F8-41E6-94E7-A2B155325DC5}.Debug|Any CPU.ActiveCfg = Debug|Any CPU
		{58023C83-F3F8-41E6-94E7-A2B155325DC5}.Debug|Any CPU.Build.0 = Debug|Any CPU
		{58023C83-F3F8-41E6-94E7-A2B155325DC5}.Release|Any CPU.ActiveCfg = Release|Any CPU
		{58023C83-F3F8-41E6-94E7-A2B155325DC5}.Release|Any CPU.Build.0 = Release|Any CPU
		{A77ED0A0-EC32-48FC-AF0C-0DAFB2A774D7}.Debug|Any CPU.ActiveCfg = Debug|Any CPU
		{A77ED0A0-EC32-48FC-AF0C-0DAFB2A774D7}.Debug|Any CPU.Build.0 = Debug|Any CPU
		{A77ED0A0-EC32-48FC-AF0C-0DAFB2A774D7}.Release|Any CPU.ActiveCfg = Release|Any CPU
		{A77ED0A0-EC32-48FC-AF0C-0DAFB2A774D7}.Release|Any CPU.Build.0 = Release|Any CPU
		{8F4A6BBE-99F6-48CF-9854-C97D3ABAC8FC}.Debug|Any CPU.ActiveCfg = Debug|Any CPU
		{8F4A6BBE-99F6-48CF-9854-C97D3ABAC8FC}.Debug|Any CPU.Build.0 = Debug|Any CPU
		{8F4A6BBE-99F6-48CF-9854-C97D3ABAC8FC}.Release|Any CPU.ActiveCfg = Release|Any CPU
		{8F4A6BBE-99F6-48CF-9854-C97D3ABAC8FC}.Release|Any CPU.Build.0 = Release|Any CPU
		{ACEF0A1A-DE23-4958-8CB3-C8FFB4B128F0}.Debug|Any CPU.ActiveCfg = Debug|Any CPU
		{ACEF0A1A-DE23-4958-8CB3-C8FFB4B128F0}.Debug|Any CPU.Build.0 = Debug|Any CPU
		{ACEF0A1A-DE23-4958-8CB3-C8FFB4B128F0}.Release|Any CPU.ActiveCfg = Release|Any CPU
		{ACEF0A1A-DE23-4958-8CB3-C8FFB4B128F0}.Release|Any CPU.Build.0 = Release|Any CPU
		{28F2A97D-53AC-4917-A94F-72C9809333DE}.Debug|Any CPU.ActiveCfg = Debug|Any CPU
		{28F2A97D-53AC-4917-A94F-72C9809333DE}.Debug|Any CPU.Build.0 = Debug|Any CPU
		{28F2A97D-53AC-4917-A94F-72C9809333DE}.Release|Any CPU.ActiveCfg = Release|Any CPU
		{28F2A97D-53AC-4917-A94F-72C9809333DE}.Release|Any CPU.Build.0 = Release|Any CPU
		{13E647D2-3E8F-4C59-B982-8A16C006DAF3}.Debug|Any CPU.ActiveCfg = Debug|Any CPU
		{13E647D2-3E8F-4C59-B982-8A16C006DAF3}.Debug|Any CPU.Build.0 = Debug|Any CPU
		{13E647D2-3E8F-4C59-B982-8A16C006DAF3}.Release|Any CPU.ActiveCfg = Release|Any CPU
		{13E647D2-3E8F-4C59-B982-8A16C006DAF3}.Release|Any CPU.Build.0 = Release|Any CPU
		{46837D77-2B7F-468B-8136-24E6FA64F4F4}.Debug|Any CPU.ActiveCfg = Debug|Any CPU
		{46837D77-2B7F-468B-8136-24E6FA64F4F4}.Debug|Any CPU.Build.0 = Debug|Any CPU
		{46837D77-2B7F-468B-8136-24E6FA64F4F4}.Release|Any CPU.ActiveCfg = Release|Any CPU
		{46837D77-2B7F-468B-8136-24E6FA64F4F4}.Release|Any CPU.Build.0 = Release|Any CPU
		{0AA51CBA-0C83-4CB2-8F92-96313206AF0F}.Debug|Any CPU.ActiveCfg = Debug|Any CPU
		{0AA51CBA-0C83-4CB2-8F92-96313206AF0F}.Debug|Any CPU.Build.0 = Debug|Any CPU
		{0AA51CBA-0C83-4CB2-8F92-96313206AF0F}.Release|Any CPU.ActiveCfg = Release|Any CPU
		{0AA51CBA-0C83-4CB2-8F92-96313206AF0F}.Release|Any CPU.Build.0 = Release|Any CPU
		{30F9C962-79F7-4A19-A518-1F31813DC1A2}.Debug|Any CPU.ActiveCfg = Debug|Any CPU
		{30F9C962-79F7-4A19-A518-1F31813DC1A2}.Debug|Any CPU.Build.0 = Debug|Any CPU
		{30F9C962-79F7-4A19-A518-1F31813DC1A2}.Release|Any CPU.ActiveCfg = Release|Any CPU
		{30F9C962-79F7-4A19-A518-1F31813DC1A2}.Release|Any CPU.Build.0 = Release|Any CPU
		{AC6D2A17-B33E-47A7-BB4B-19A15CAD0BE3}.Debug|Any CPU.ActiveCfg = Debug|Any CPU
		{AC6D2A17-B33E-47A7-BB4B-19A15CAD0BE3}.Debug|Any CPU.Build.0 = Debug|Any CPU
		{AC6D2A17-B33E-47A7-BB4B-19A15CAD0BE3}.Release|Any CPU.ActiveCfg = Release|Any CPU
		{AC6D2A17-B33E-47A7-BB4B-19A15CAD0BE3}.Release|Any CPU.Build.0 = Release|Any CPU
	EndGlobalSection
	GlobalSection(SolutionProperties) = preSolution
		HideSolutionNode = FALSE
	EndGlobalSection
	GlobalSection(NestedProjects) = preSolution
		{81E251D7-AB78-4552-B5B7-A98EDD4913A6} = {1F90AE44-3B69-40ED-8FE8-0447E09665AE}
		{1F90AE44-3B69-40ED-8FE8-0447E09665AE} = {EFDF70DF-0FC3-424F-9A72-459C538F2D14}
		{043205EA-8068-454D-A8A5-8A31D31D5BF2} = {1F90AE44-3B69-40ED-8FE8-0447E09665AE}
		{5FD82C5A-BAA7-4A63-B15C-338B9F8F6BBA} = {EFDF70DF-0FC3-424F-9A72-459C538F2D14}
		{019E1BEB-6DFA-4CA5-9E05-53338AC89D74} = {5FD82C5A-BAA7-4A63-B15C-338B9F8F6BBA}
		{8EE8CD07-E58E-4B50-9256-56998C4500E1} = {5FD82C5A-BAA7-4A63-B15C-338B9F8F6BBA}
		{E3D61079-8D2E-4B02-AD0D-0719836447A2} = {EFDF70DF-0FC3-424F-9A72-459C538F2D14}
		{F71BCB42-7302-4825-A1BA-5F706102B6C7} = {E3D61079-8D2E-4B02-AD0D-0719836447A2}
		{E8FE805B-CC15-4523-A048-3E6700152C23} = {E3D61079-8D2E-4B02-AD0D-0719836447A2}
		{2655390F-47EF-4F1E-9509-28F928545BF7} = {EFDF70DF-0FC3-424F-9A72-459C538F2D14}
		{3A99595D-C41B-4F27-97CC-D3CF579F0351} = {2655390F-47EF-4F1E-9509-28F928545BF7}
		{DDC4884F-F20E-451D-B8DC-365BE2C198E1} = {2655390F-47EF-4F1E-9509-28F928545BF7}
		{48F1D757-92CB-4E3A-87BA-E2C6E98DBEF8} = {EFDF70DF-0FC3-424F-9A72-459C538F2D14}
		{58023C83-F3F8-41E6-94E7-A2B155325DC5} = {48F1D757-92CB-4E3A-87BA-E2C6E98DBEF8}
		{A77ED0A0-EC32-48FC-AF0C-0DAFB2A774D7} = {48F1D757-92CB-4E3A-87BA-E2C6E98DBEF8}
		{F43F0926-1C53-4636-9EB3-AA14CF16F3E7} = {2DD19D00-44C8-4D03-A38A-2B9D3FA3AAE9}
		{8F4A6BBE-99F6-48CF-9854-C97D3ABAC8FC} = {F43F0926-1C53-4636-9EB3-AA14CF16F3E7}
		{ACEF0A1A-DE23-4958-8CB3-C8FFB4B128F0} = {F43F0926-1C53-4636-9EB3-AA14CF16F3E7}
		{AD85187C-5A79-484A-9AAB-39BC7E7B4C67} = {2DD19D00-44C8-4D03-A38A-2B9D3FA3AAE9}
		{28F2A97D-53AC-4917-A94F-72C9809333DE} = {AD85187C-5A79-484A-9AAB-39BC7E7B4C67}
		{13E647D2-3E8F-4C59-B982-8A16C006DAF3} = {AD85187C-5A79-484A-9AAB-39BC7E7B4C67}
		{48AF6DBB-3C62-4942-A868-3372D6F863FE} = {2DD19D00-44C8-4D03-A38A-2B9D3FA3AAE9}
		{46837D77-2B7F-468B-8136-24E6FA64F4F4} = {48AF6DBB-3C62-4942-A868-3372D6F863FE}
		{0AA51CBA-0C83-4CB2-8F92-96313206AF0F} = {48AF6DBB-3C62-4942-A868-3372D6F863FE}
		{AD3BB450-817A-47FE-A44C-4F7233BA6703} = {2DD19D00-44C8-4D03-A38A-2B9D3FA3AAE9}
		{30F9C962-79F7-4A19-A518-1F31813DC1A2} = {AD3BB450-817A-47FE-A44C-4F7233BA6703}
		{AC6D2A17-B33E-47A7-BB4B-19A15CAD0BE3} = {AD3BB450-817A-47FE-A44C-4F7233BA6703}
	EndGlobalSection
	GlobalSection(ExtensibilityGlobals) = postSolution
		SolutionGuid = {3363A929-94D1-4362-955D-F6CA9FFEE0DB}
	EndGlobalSection
EndGlobal
